
Microsoft Visual Studio Solution File, Format Version 12.00
# Visual Studio 15
VisualStudioVersion = 15.0.26124.0
MinimumVisualStudioVersion = 15.0.26124.0
Project("{9A19103F-16F7-4668-BE54-9A1E7A4F7556}") = "R5T.Suebia.Standard.Construction", "R5T.Suebia.Standard.Construction\R5T.Suebia.Standard.Construction.csproj", "{B3D34A0C-1F56-498C-8AC3-13348D3132FA}"
EndProject
Project("{9A19103F-16F7-4668-BE54-9A1E7A4F7556}") = "R5T.Suebia.Standard", "R5T.Suebia.Standard\R5T.Suebia.Standard.csproj", "{0A7AC049-4F6E-4CAE-830D-87586776569B}"
EndProject
Project("{9A19103F-16F7-4668-BE54-9A1E7A4F7556}") = "R5T.Suebia.Standard.Testing", "R5T.Suebia.Standard.Testing\R5T.Suebia.Standard.Testing.csproj", "{7E35C08A-E393-4DE9-90C5-0860FBB3E3AF}"
EndProject
Project("{2150E333-8FDC-42A3-9474-1A3956D46DE8}") = "_Dependencies", "_Dependencies", "{940C24B5-6C2C-4F32-914A-9E790672CA8D}"
EndProject
Project("{9A19103F-16F7-4668-BE54-9A1E7A4F7556}") = "R5T.Suebia.Alamania", "..\..\R5T.Suebia.Alamania\source\R5T.Suebia.Alamania\R5T.Suebia.Alamania.csproj", "{A205F450-2789-4C3B-9A64-15B56CF9C4C6}"
EndProject
Project("{9A19103F-16F7-4668-BE54-9A1E7A4F7556}") = "R5T.Alamania.Base", "..\..\R5T.Alamania.Base\source\R5T.Alamania.Base\R5T.Alamania.Base.csproj", "{ED8941DC-DDBA-45D0-86D7-7F9517DCA260}"
EndProject
Project("{9A19103F-16F7-4668-BE54-9A1E7A4F7556}") = "R5T.Dacia.Extensions", "..\..\R5T.Dacia.Extensions\source\R5T.Dacia.Extensions\R5T.Dacia.Extensions.csproj", "{FAB5C1D1-D8FA-49CE-8ED3-1529D707A83A}"
EndProject
Project("{9A19103F-16F7-4668-BE54-9A1E7A4F7556}") = "R5T.Dacia", "..\..\R5T.Dacia\source\R5T.Dacia\R5T.Dacia.csproj", "{C0499FC4-C709-4B18-8579-8AE02243D2F1}"
EndProject
Project("{9A19103F-16F7-4668-BE54-9A1E7A4F7556}") = "R5T.Lombardy.Base", "..\..\R5T.Lombardy.Base\source\R5T.Lombardy.Base\R5T.Lombardy.Base.csproj", "{ED212041-6F2E-4EB1-9AAE-AE6FA485A4F9}"
EndProject
Project("{9A19103F-16F7-4668-BE54-9A1E7A4F7556}") = "R5T.Ostrogothia", "..\..\R5T.Ostrogothia\source\R5T.Ostrogothia\R5T.Ostrogothia.csproj", "{E1EC5FA0-79AD-4D0E-8E22-D9491D1EAB3F}"
EndProject
Project("{9A19103F-16F7-4668-BE54-9A1E7A4F7556}") = "R5T.Suebia.Base", "..\..\R5T.Suebia.Base\source\R5T.Suebia.Base\R5T.Suebia.Base.csproj", "{F4FB6FFC-8638-4775-9EE7-9814BE5B7A1E}"
EndProject
Project("{9A19103F-16F7-4668-BE54-9A1E7A4F7556}") = "R5T.Alamania.Standard", "..\..\R5T.Alamania.Standard\source\R5T.Alamania.Standard\R5T.Alamania.Standard.csproj", "{2A6212F4-989A-40B2-AD9C-E519E4980998}"
EndProject
Project("{9A19103F-16F7-4668-BE54-9A1E7A4F7556}") = "R5T.Alamania.Bulgaria", "..\..\R5T.Alamania.Bulgaria\source\R5T.Alamania.Bulgaria\R5T.Alamania.Bulgaria.csproj", "{E7C01CA8-F608-463C-8217-32F8B4C00DBC}"
EndProject
Project("{9A19103F-16F7-4668-BE54-9A1E7A4F7556}") = "R5T.Bulgaria.Base", "..\..\R5T.Bulgaria.Base\source\R5T.Bulgaria.Base\R5T.Bulgaria.Base.csproj", "{87D1F68E-A82F-4652-B859-1D5DDF43ED6D}"
EndProject
Project("{9A19103F-16F7-4668-BE54-9A1E7A4F7556}") = "R5T.Costobocia.Base", "..\..\R5T.Costobocia.Base\source\R5T.Costobocia.Base\R5T.Costobocia.Base.csproj", "{B16AD26D-16E1-49A8-8A7D-60236CE8E221}"
EndProject
Project("{9A19103F-16F7-4668-BE54-9A1E7A4F7556}") = "R5T.Ostrogothia.Rivet", "..\..\R5T.Ostrogothia.Rivet\source\R5T.Ostrogothia.Rivet\R5T.Ostrogothia.Rivet.csproj", "{677E9CB6-512C-4AC8-9EB9-660ABFB67DF6}"
EndProject
Project("{9A19103F-16F7-4668-BE54-9A1E7A4F7556}") = "R5T.Bulgaria.UserProfileDirectory", "..\..\R5T.Bulgaria.UserProfileDirectory\source\R5T.Bulgaria.UserProfileDirectory\R5T.Bulgaria.UserProfileDirectory.csproj", "{90DD6D54-D088-4555-A8EB-6A521C31AAED}"
EndProject
Project("{9A19103F-16F7-4668-BE54-9A1E7A4F7556}") = "R5T.Bulgaria.Visigothia", "..\..\R5T.Bulgaria.Visigothia\source\R5T.Bulgaria.Visigothia\R5T.Bulgaria.Visigothia.csproj", "{F697C0C0-9994-43AA-81AB-15F65C78E9A5}"
EndProject
Project("{9A19103F-16F7-4668-BE54-9A1E7A4F7556}") = "R5T.Peristeria.Base", "..\..\R5T.Peristeria.Base\source\R5T.Peristeria.Base\R5T.Peristeria.Base.csproj", "{C97507FF-B2A8-4EFD-96F4-72D5C7A13182}"
EndProject
Project("{9A19103F-16F7-4668-BE54-9A1E7A4F7556}") = "R5T.Visigothia.Base", "..\..\R5T.Visigothia.Base\source\R5T.Visigothia.Base\R5T.Visigothia.Base.csproj", "{62DF6E30-08DB-40CF-8467-7025F01D46B8}"
EndProject
Project("{9A19103F-16F7-4668-BE54-9A1E7A4F7556}") = "R5T.Lombardy.Standard", "..\..\R5T.Lombardy.Standard\source\R5T.Lombardy.Standard\R5T.Lombardy.Standard.csproj", "{58BFE174-6DAF-48A0-ADCB-D4C4709AA7FE}"
EndProject
Project("{9A19103F-16F7-4668-BE54-9A1E7A4F7556}") = "R5T.Lombardy", "..\..\R5T.Lombardy\source\R5T.Lombardy\R5T.Lombardy.csproj", "{176A3195-EA7A-44ED-8CB1-BEC161212A04}"
EndProject
Project("{9A19103F-16F7-4668-BE54-9A1E7A4F7556}") = "R5T.Cherusci", "..\..\R5T.Cherusci\source\R5T.Cherusci\R5T.Cherusci.csproj", "{53EB1182-0B82-4F54-B57D-B5AB483F787B}"
EndProject
Project("{9A19103F-16F7-4668-BE54-9A1E7A4F7556}") = "R5T.Magyar", "..\..\R5T.Magyar\source\R5T.Magyar\R5T.Magyar.csproj", "{1069DC70-BE5D-4163-A2B2-DC2E59AADDFC}"
EndProject
Project("{9A19103F-16F7-4668-BE54-9A1E7A4F7556}") = "R5T.Rugia", "..\..\R5T.Rugia\source\R5T.Rugia\R5T.Rugia.csproj", "{97288BD3-A489-4F1A-8734-32838CDDCE30}"
EndProject
Project("{9A19103F-16F7-4668-BE54-9A1E7A4F7556}") = "R5T.Rugia.Base", "..\..\R5T.Rugia.Base\source\R5T.Rugia.Base\R5T.Rugia.Base.csproj", "{FA4ED6EF-783B-4222-84C5-1FCD0CAD254D}"
EndProject
Project("{9A19103F-16F7-4668-BE54-9A1E7A4F7556}") = "R5T.Peristeria.Standard", "..\..\R5T.Peristeria.Standard\source\R5T.Peristeria.Standard\R5T.Peristeria.Standard.csproj", "{DA1A8BC8-60B7-4F72-B76C-5F5EBA63DA78}"
EndProject
Project("{9A19103F-16F7-4668-BE54-9A1E7A4F7556}") = "R5T.Peristeria.Default", "..\..\R5T.Peristeria.Default\source\R5T.Peristeria.Default\R5T.Peristeria.Default.csproj", "{42248872-3839-4C27-A5C8-C15EE4929876}"
EndProject
Project("{9A19103F-16F7-4668-BE54-9A1E7A4F7556}") = "R5T.Visigothia.Standard", "..\..\R5T.Visigothia.Standard\source\R5T.Visigothia.Standard\R5T.Visigothia.Standard.csproj", "{B671DBBF-4BE3-45F5-BCA9-E317DAEA1330}"
EndProject
Project("{9A19103F-16F7-4668-BE54-9A1E7A4F7556}") = "R5T.Visigothia.Local.Standard", "..\..\R5T.Visigothia.Local.Standard\source\R5T.Visigothia.Local.Standard\R5T.Visigothia.Local.Standard.csproj", "{AB83133F-1D3C-4A0F-BB89-6E05F170E79A}"
EndProject
Project("{9A19103F-16F7-4668-BE54-9A1E7A4F7556}") = "R5T.Visigothia.Local.Default", "..\..\R5T.Visigothia.Local.Default\source\R5T.Visigothia.Local.Default\R5T.Visigothia.Local.Default.csproj", "{818E0612-81EC-42DE-9667-04AB37BD361B}"
EndProject
Project("{9A19103F-16F7-4668-BE54-9A1E7A4F7556}") = "R5T.Costobocia.Standard", "..\..\R5T.Costobocia.Standard\source\R5T.Costobocia.Standard\R5T.Costobocia.Standard.csproj", "{32023636-6095-4431-81AD-50574DDE6B40}"
EndProject
Project("{9A19103F-16F7-4668-BE54-9A1E7A4F7556}") = "R5T.Costobocia.Default", "..\..\R5T.Costobocia.Default\source\R5T.Costobocia.Default\R5T.Costobocia.Default.csproj", "{58BF0B6D-C1B5-4BB7-B692-1B4C8597984B}"
EndProject
Project("{9A19103F-16F7-4668-BE54-9A1E7A4F7556}") = "R5T.Suebia.Default", "..\..\R5T.Suebia.Default\source\R5T.Suebia.Default\R5T.Suebia.Default.csproj", "{812B4FE0-BC0C-4F46-BC82-4A9A47E5866A}"
EndProject
Global
	GlobalSection(SolutionConfigurationPlatforms) = preSolution
		Debug|Any CPU = Debug|Any CPU
		Debug|x64 = Debug|x64
		Debug|x86 = Debug|x86
		Release|Any CPU = Release|Any CPU
		Release|x64 = Release|x64
		Release|x86 = Release|x86
	EndGlobalSection
	GlobalSection(ProjectConfigurationPlatforms) = postSolution
		{B3D34A0C-1F56-498C-8AC3-13348D3132FA}.Debug|Any CPU.ActiveCfg = Debug|Any CPU
		{B3D34A0C-1F56-498C-8AC3-13348D3132FA}.Debug|Any CPU.Build.0 = Debug|Any CPU
		{B3D34A0C-1F56-498C-8AC3-13348D3132FA}.Debug|x64.ActiveCfg = Debug|Any CPU
		{B3D34A0C-1F56-498C-8AC3-13348D3132FA}.Debug|x64.Build.0 = Debug|Any CPU
		{B3D34A0C-1F56-498C-8AC3-13348D3132FA}.Debug|x86.ActiveCfg = Debug|Any CPU
		{B3D34A0C-1F56-498C-8AC3-13348D3132FA}.Debug|x86.Build.0 = Debug|Any CPU
		{B3D34A0C-1F56-498C-8AC3-13348D3132FA}.Release|Any CPU.ActiveCfg = Release|Any CPU
		{B3D34A0C-1F56-498C-8AC3-13348D3132FA}.Release|Any CPU.Build.0 = Release|Any CPU
		{B3D34A0C-1F56-498C-8AC3-13348D3132FA}.Release|x64.ActiveCfg = Release|Any CPU
		{B3D34A0C-1F56-498C-8AC3-13348D3132FA}.Release|x64.Build.0 = Release|Any CPU
		{B3D34A0C-1F56-498C-8AC3-13348D3132FA}.Release|x86.ActiveCfg = Release|Any CPU
		{B3D34A0C-1F56-498C-8AC3-13348D3132FA}.Release|x86.Build.0 = Release|Any CPU
		{0A7AC049-4F6E-4CAE-830D-87586776569B}.Debug|Any CPU.ActiveCfg = Debug|Any CPU
		{0A7AC049-4F6E-4CAE-830D-87586776569B}.Debug|Any CPU.Build.0 = Debug|Any CPU
		{0A7AC049-4F6E-4CAE-830D-87586776569B}.Debug|x64.ActiveCfg = Debug|Any CPU
		{0A7AC049-4F6E-4CAE-830D-87586776569B}.Debug|x64.Build.0 = Debug|Any CPU
		{0A7AC049-4F6E-4CAE-830D-87586776569B}.Debug|x86.ActiveCfg = Debug|Any CPU
		{0A7AC049-4F6E-4CAE-830D-87586776569B}.Debug|x86.Build.0 = Debug|Any CPU
		{0A7AC049-4F6E-4CAE-830D-87586776569B}.Release|Any CPU.ActiveCfg = Release|Any CPU
		{0A7AC049-4F6E-4CAE-830D-87586776569B}.Release|Any CPU.Build.0 = Release|Any CPU
		{0A7AC049-4F6E-4CAE-830D-87586776569B}.Release|x64.ActiveCfg = Release|Any CPU
		{0A7AC049-4F6E-4CAE-830D-87586776569B}.Release|x64.Build.0 = Release|Any CPU
		{0A7AC049-4F6E-4CAE-830D-87586776569B}.Release|x86.ActiveCfg = Release|Any CPU
		{0A7AC049-4F6E-4CAE-830D-87586776569B}.Release|x86.Build.0 = Release|Any CPU
		{7E35C08A-E393-4DE9-90C5-0860FBB3E3AF}.Debug|Any CPU.ActiveCfg = Debug|Any CPU
		{7E35C08A-E393-4DE9-90C5-0860FBB3E3AF}.Debug|Any CPU.Build.0 = Debug|Any CPU
		{7E35C08A-E393-4DE9-90C5-0860FBB3E3AF}.Debug|x64.ActiveCfg = Debug|Any CPU
		{7E35C08A-E393-4DE9-90C5-0860FBB3E3AF}.Debug|x64.Build.0 = Debug|Any CPU
		{7E35C08A-E393-4DE9-90C5-0860FBB3E3AF}.Debug|x86.ActiveCfg = Debug|Any CPU
		{7E35C08A-E393-4DE9-90C5-0860FBB3E3AF}.Debug|x86.Build.0 = Debug|Any CPU
		{7E35C08A-E393-4DE9-90C5-0860FBB3E3AF}.Release|Any CPU.ActiveCfg = Release|Any CPU
		{7E35C08A-E393-4DE9-90C5-0860FBB3E3AF}.Release|Any CPU.Build.0 = Release|Any CPU
		{7E35C08A-E393-4DE9-90C5-0860FBB3E3AF}.Release|x64.ActiveCfg = Release|Any CPU
		{7E35C08A-E393-4DE9-90C5-0860FBB3E3AF}.Release|x64.Build.0 = Release|Any CPU
		{7E35C08A-E393-4DE9-90C5-0860FBB3E3AF}.Release|x86.ActiveCfg = Release|Any CPU
		{7E35C08A-E393-4DE9-90C5-0860FBB3E3AF}.Release|x86.Build.0 = Release|Any CPU
		{A205F450-2789-4C3B-9A64-15B56CF9C4C6}.Debug|Any CPU.ActiveCfg = Debug|Any CPU
		{A205F450-2789-4C3B-9A64-15B56CF9C4C6}.Debug|Any CPU.Build.0 = Debug|Any CPU
		{A205F450-2789-4C3B-9A64-15B56CF9C4C6}.Debug|x64.ActiveCfg = Debug|Any CPU
		{A205F450-2789-4C3B-9A64-15B56CF9C4C6}.Debug|x64.Build.0 = Debug|Any CPU
		{A205F450-2789-4C3B-9A64-15B56CF9C4C6}.Debug|x86.ActiveCfg = Debug|Any CPU
		{A205F450-2789-4C3B-9A64-15B56CF9C4C6}.Debug|x86.Build.0 = Debug|Any CPU
		{A205F450-2789-4C3B-9A64-15B56CF9C4C6}.Release|Any CPU.ActiveCfg = Release|Any CPU
		{A205F450-2789-4C3B-9A64-15B56CF9C4C6}.Release|Any CPU.Build.0 = Release|Any CPU
		{A205F450-2789-4C3B-9A64-15B56CF9C4C6}.Release|x64.ActiveCfg = Release|Any CPU
		{A205F450-2789-4C3B-9A64-15B56CF9C4C6}.Release|x64.Build.0 = Release|Any CPU
		{A205F450-2789-4C3B-9A64-15B56CF9C4C6}.Release|x86.ActiveCfg = Release|Any CPU
		{A205F450-2789-4C3B-9A64-15B56CF9C4C6}.Release|x86.Build.0 = Release|Any CPU
		{ED8941DC-DDBA-45D0-86D7-7F9517DCA260}.Debug|Any CPU.ActiveCfg = Debug|Any CPU
		{ED8941DC-DDBA-45D0-86D7-7F9517DCA260}.Debug|Any CPU.Build.0 = Debug|Any CPU
		{ED8941DC-DDBA-45D0-86D7-7F9517DCA260}.Debug|x64.ActiveCfg = Debug|Any CPU
		{ED8941DC-DDBA-45D0-86D7-7F9517DCA260}.Debug|x64.Build.0 = Debug|Any CPU
		{ED8941DC-DDBA-45D0-86D7-7F9517DCA260}.Debug|x86.ActiveCfg = Debug|Any CPU
		{ED8941DC-DDBA-45D0-86D7-7F9517DCA260}.Debug|x86.Build.0 = Debug|Any CPU
		{ED8941DC-DDBA-45D0-86D7-7F9517DCA260}.Release|Any CPU.ActiveCfg = Release|Any CPU
		{ED8941DC-DDBA-45D0-86D7-7F9517DCA260}.Release|Any CPU.Build.0 = Release|Any CPU
		{ED8941DC-DDBA-45D0-86D7-7F9517DCA260}.Release|x64.ActiveCfg = Release|Any CPU
		{ED8941DC-DDBA-45D0-86D7-7F9517DCA260}.Release|x64.Build.0 = Release|Any CPU
		{ED8941DC-DDBA-45D0-86D7-7F9517DCA260}.Release|x86.ActiveCfg = Release|Any CPU
		{ED8941DC-DDBA-45D0-86D7-7F9517DCA260}.Release|x86.Build.0 = Release|Any CPU
		{FAB5C1D1-D8FA-49CE-8ED3-1529D707A83A}.Debug|Any CPU.ActiveCfg = Debug|Any CPU
		{FAB5C1D1-D8FA-49CE-8ED3-1529D707A83A}.Debug|Any CPU.Build.0 = Debug|Any CPU
		{FAB5C1D1-D8FA-49CE-8ED3-1529D707A83A}.Debug|x64.ActiveCfg = Debug|Any CPU
		{FAB5C1D1-D8FA-49CE-8ED3-1529D707A83A}.Debug|x64.Build.0 = Debug|Any CPU
		{FAB5C1D1-D8FA-49CE-8ED3-1529D707A83A}.Debug|x86.ActiveCfg = Debug|Any CPU
		{FAB5C1D1-D8FA-49CE-8ED3-1529D707A83A}.Debug|x86.Build.0 = Debug|Any CPU
		{FAB5C1D1-D8FA-49CE-8ED3-1529D707A83A}.Release|Any CPU.ActiveCfg = Release|Any CPU
		{FAB5C1D1-D8FA-49CE-8ED3-1529D707A83A}.Release|Any CPU.Build.0 = Release|Any CPU
		{FAB5C1D1-D8FA-49CE-8ED3-1529D707A83A}.Release|x64.ActiveCfg = Release|Any CPU
		{FAB5C1D1-D8FA-49CE-8ED3-1529D707A83A}.Release|x64.Build.0 = Release|Any CPU
		{FAB5C1D1-D8FA-49CE-8ED3-1529D707A83A}.Release|x86.ActiveCfg = Release|Any CPU
		{FAB5C1D1-D8FA-49CE-8ED3-1529D707A83A}.Release|x86.Build.0 = Release|Any CPU
		{C0499FC4-C709-4B18-8579-8AE02243D2F1}.Debug|Any CPU.ActiveCfg = Debug|Any CPU
		{C0499FC4-C709-4B18-8579-8AE02243D2F1}.Debug|Any CPU.Build.0 = Debug|Any CPU
		{C0499FC4-C709-4B18-8579-8AE02243D2F1}.Debug|x64.ActiveCfg = Debug|Any CPU
		{C0499FC4-C709-4B18-8579-8AE02243D2F1}.Debug|x64.Build.0 = Debug|Any CPU
		{C0499FC4-C709-4B18-8579-8AE02243D2F1}.Debug|x86.ActiveCfg = Debug|Any CPU
		{C0499FC4-C709-4B18-8579-8AE02243D2F1}.Debug|x86.Build.0 = Debug|Any CPU
		{C0499FC4-C709-4B18-8579-8AE02243D2F1}.Release|Any CPU.ActiveCfg = Release|Any CPU
		{C0499FC4-C709-4B18-8579-8AE02243D2F1}.Release|Any CPU.Build.0 = Release|Any CPU
		{C0499FC4-C709-4B18-8579-8AE02243D2F1}.Release|x64.ActiveCfg = Release|Any CPU
		{C0499FC4-C709-4B18-8579-8AE02243D2F1}.Release|x64.Build.0 = Release|Any CPU
		{C0499FC4-C709-4B18-8579-8AE02243D2F1}.Release|x86.ActiveCfg = Release|Any CPU
		{C0499FC4-C709-4B18-8579-8AE02243D2F1}.Release|x86.Build.0 = Release|Any CPU
		{ED212041-6F2E-4EB1-9AAE-AE6FA485A4F9}.Debug|Any CPU.ActiveCfg = Debug|Any CPU
		{ED212041-6F2E-4EB1-9AAE-AE6FA485A4F9}.Debug|Any CPU.Build.0 = Debug|Any CPU
		{ED212041-6F2E-4EB1-9AAE-AE6FA485A4F9}.Debug|x64.ActiveCfg = Debug|Any CPU
		{ED212041-6F2E-4EB1-9AAE-AE6FA485A4F9}.Debug|x64.Build.0 = Debug|Any CPU
		{ED212041-6F2E-4EB1-9AAE-AE6FA485A4F9}.Debug|x86.ActiveCfg = Debug|Any CPU
		{ED212041-6F2E-4EB1-9AAE-AE6FA485A4F9}.Debug|x86.Build.0 = Debug|Any CPU
		{ED212041-6F2E-4EB1-9AAE-AE6FA485A4F9}.Release|Any CPU.ActiveCfg = Release|Any CPU
		{ED212041-6F2E-4EB1-9AAE-AE6FA485A4F9}.Release|Any CPU.Build.0 = Release|Any CPU
		{ED212041-6F2E-4EB1-9AAE-AE6FA485A4F9}.Release|x64.ActiveCfg = Release|Any CPU
		{ED212041-6F2E-4EB1-9AAE-AE6FA485A4F9}.Release|x64.Build.0 = Release|Any CPU
		{ED212041-6F2E-4EB1-9AAE-AE6FA485A4F9}.Release|x86.ActiveCfg = Release|Any CPU
		{ED212041-6F2E-4EB1-9AAE-AE6FA485A4F9}.Release|x86.Build.0 = Release|Any CPU
		{E1EC5FA0-79AD-4D0E-8E22-D9491D1EAB3F}.Debug|Any CPU.ActiveCfg = Debug|Any CPU
		{E1EC5FA0-79AD-4D0E-8E22-D9491D1EAB3F}.Debug|Any CPU.Build.0 = Debug|Any CPU
		{E1EC5FA0-79AD-4D0E-8E22-D9491D1EAB3F}.Debug|x64.ActiveCfg = Debug|Any CPU
		{E1EC5FA0-79AD-4D0E-8E22-D9491D1EAB3F}.Debug|x64.Build.0 = Debug|Any CPU
		{E1EC5FA0-79AD-4D0E-8E22-D9491D1EAB3F}.Debug|x86.ActiveCfg = Debug|Any CPU
		{E1EC5FA0-79AD-4D0E-8E22-D9491D1EAB3F}.Debug|x86.Build.0 = Debug|Any CPU
		{E1EC5FA0-79AD-4D0E-8E22-D9491D1EAB3F}.Release|Any CPU.ActiveCfg = Release|Any CPU
		{E1EC5FA0-79AD-4D0E-8E22-D9491D1EAB3F}.Release|Any CPU.Build.0 = Release|Any CPU
		{E1EC5FA0-79AD-4D0E-8E22-D9491D1EAB3F}.Release|x64.ActiveCfg = Release|Any CPU
		{E1EC5FA0-79AD-4D0E-8E22-D9491D1EAB3F}.Release|x64.Build.0 = Release|Any CPU
		{E1EC5FA0-79AD-4D0E-8E22-D9491D1EAB3F}.Release|x86.ActiveCfg = Release|Any CPU
		{E1EC5FA0-79AD-4D0E-8E22-D9491D1EAB3F}.Release|x86.Build.0 = Release|Any CPU
		{F4FB6FFC-8638-4775-9EE7-9814BE5B7A1E}.Debug|Any CPU.ActiveCfg = Debug|Any CPU
		{F4FB6FFC-8638-4775-9EE7-9814BE5B7A1E}.Debug|Any CPU.Build.0 = Debug|Any CPU
		{F4FB6FFC-8638-4775-9EE7-9814BE5B7A1E}.Debug|x64.ActiveCfg = Debug|Any CPU
		{F4FB6FFC-8638-4775-9EE7-9814BE5B7A1E}.Debug|x64.Build.0 = Debug|Any CPU
		{F4FB6FFC-8638-4775-9EE7-9814BE5B7A1E}.Debug|x86.ActiveCfg = Debug|Any CPU
		{F4FB6FFC-8638-4775-9EE7-9814BE5B7A1E}.Debug|x86.Build.0 = Debug|Any CPU
		{F4FB6FFC-8638-4775-9EE7-9814BE5B7A1E}.Release|Any CPU.ActiveCfg = Release|Any CPU
		{F4FB6FFC-8638-4775-9EE7-9814BE5B7A1E}.Release|Any CPU.Build.0 = Release|Any CPU
		{F4FB6FFC-8638-4775-9EE7-9814BE5B7A1E}.Release|x64.ActiveCfg = Release|Any CPU
		{F4FB6FFC-8638-4775-9EE7-9814BE5B7A1E}.Release|x64.Build.0 = Release|Any CPU
		{F4FB6FFC-8638-4775-9EE7-9814BE5B7A1E}.Release|x86.ActiveCfg = Release|Any CPU
		{F4FB6FFC-8638-4775-9EE7-9814BE5B7A1E}.Release|x86.Build.0 = Release|Any CPU
		{2A6212F4-989A-40B2-AD9C-E519E4980998}.Debug|Any CPU.ActiveCfg = Debug|Any CPU
		{2A6212F4-989A-40B2-AD9C-E519E4980998}.Debug|Any CPU.Build.0 = Debug|Any CPU
		{2A6212F4-989A-40B2-AD9C-E519E4980998}.Debug|x64.ActiveCfg = Debug|Any CPU
		{2A6212F4-989A-40B2-AD9C-E519E4980998}.Debug|x64.Build.0 = Debug|Any CPU
		{2A6212F4-989A-40B2-AD9C-E519E4980998}.Debug|x86.ActiveCfg = Debug|Any CPU
		{2A6212F4-989A-40B2-AD9C-E519E4980998}.Debug|x86.Build.0 = Debug|Any CPU
		{2A6212F4-989A-40B2-AD9C-E519E4980998}.Release|Any CPU.ActiveCfg = Release|Any CPU
		{2A6212F4-989A-40B2-AD9C-E519E4980998}.Release|Any CPU.Build.0 = Release|Any CPU
		{2A6212F4-989A-40B2-AD9C-E519E4980998}.Release|x64.ActiveCfg = Release|Any CPU
		{2A6212F4-989A-40B2-AD9C-E519E4980998}.Release|x64.Build.0 = Release|Any CPU
		{2A6212F4-989A-40B2-AD9C-E519E4980998}.Release|x86.ActiveCfg = Release|Any CPU
		{2A6212F4-989A-40B2-AD9C-E519E4980998}.Release|x86.Build.0 = Release|Any CPU
		{E7C01CA8-F608-463C-8217-32F8B4C00DBC}.Debug|Any CPU.ActiveCfg = Debug|Any CPU
		{E7C01CA8-F608-463C-8217-32F8B4C00DBC}.Debug|Any CPU.Build.0 = Debug|Any CPU
		{E7C01CA8-F608-463C-8217-32F8B4C00DBC}.Debug|x64.ActiveCfg = Debug|Any CPU
		{E7C01CA8-F608-463C-8217-32F8B4C00DBC}.Debug|x64.Build.0 = Debug|Any CPU
		{E7C01CA8-F608-463C-8217-32F8B4C00DBC}.Debug|x86.ActiveCfg = Debug|Any CPU
		{E7C01CA8-F608-463C-8217-32F8B4C00DBC}.Debug|x86.Build.0 = Debug|Any CPU
		{E7C01CA8-F608-463C-8217-32F8B4C00DBC}.Release|Any CPU.ActiveCfg = Release|Any CPU
		{E7C01CA8-F608-463C-8217-32F8B4C00DBC}.Release|Any CPU.Build.0 = Release|Any CPU
		{E7C01CA8-F608-463C-8217-32F8B4C00DBC}.Release|x64.ActiveCfg = Release|Any CPU
		{E7C01CA8-F608-463C-8217-32F8B4C00DBC}.Release|x64.Build.0 = Release|Any CPU
		{E7C01CA8-F608-463C-8217-32F8B4C00DBC}.Release|x86.ActiveCfg = Release|Any CPU
		{E7C01CA8-F608-463C-8217-32F8B4C00DBC}.Release|x86.Build.0 = Release|Any CPU
		{87D1F68E-A82F-4652-B859-1D5DDF43ED6D}.Debug|Any CPU.ActiveCfg = Debug|Any CPU
		{87D1F68E-A82F-4652-B859-1D5DDF43ED6D}.Debug|Any CPU.Build.0 = Debug|Any CPU
		{87D1F68E-A82F-4652-B859-1D5DDF43ED6D}.Debug|x64.ActiveCfg = Debug|Any CPU
		{87D1F68E-A82F-4652-B859-1D5DDF43ED6D}.Debug|x64.Build.0 = Debug|Any CPU
		{87D1F68E-A82F-4652-B859-1D5DDF43ED6D}.Debug|x86.ActiveCfg = Debug|Any CPU
		{87D1F68E-A82F-4652-B859-1D5DDF43ED6D}.Debug|x86.Build.0 = Debug|Any CPU
		{87D1F68E-A82F-4652-B859-1D5DDF43ED6D}.Release|Any CPU.ActiveCfg = Release|Any CPU
		{87D1F68E-A82F-4652-B859-1D5DDF43ED6D}.Release|Any CPU.Build.0 = Release|Any CPU
		{87D1F68E-A82F-4652-B859-1D5DDF43ED6D}.Release|x64.ActiveCfg = Release|Any CPU
		{87D1F68E-A82F-4652-B859-1D5DDF43ED6D}.Release|x64.Build.0 = Release|Any CPU
		{87D1F68E-A82F-4652-B859-1D5DDF43ED6D}.Release|x86.ActiveCfg = Release|Any CPU
		{87D1F68E-A82F-4652-B859-1D5DDF43ED6D}.Release|x86.Build.0 = Release|Any CPU
		{B16AD26D-16E1-49A8-8A7D-60236CE8E221}.Debug|Any CPU.ActiveCfg = Debug|Any CPU
		{B16AD26D-16E1-49A8-8A7D-60236CE8E221}.Debug|Any CPU.Build.0 = Debug|Any CPU
		{B16AD26D-16E1-49A8-8A7D-60236CE8E221}.Debug|x64.ActiveCfg = Debug|Any CPU
		{B16AD26D-16E1-49A8-8A7D-60236CE8E221}.Debug|x64.Build.0 = Debug|Any CPU
		{B16AD26D-16E1-49A8-8A7D-60236CE8E221}.Debug|x86.ActiveCfg = Debug|Any CPU
		{B16AD26D-16E1-49A8-8A7D-60236CE8E221}.Debug|x86.Build.0 = Debug|Any CPU
		{B16AD26D-16E1-49A8-8A7D-60236CE8E221}.Release|Any CPU.ActiveCfg = Release|Any CPU
		{B16AD26D-16E1-49A8-8A7D-60236CE8E221}.Release|Any CPU.Build.0 = Release|Any CPU
		{B16AD26D-16E1-49A8-8A7D-60236CE8E221}.Release|x64.ActiveCfg = Release|Any CPU
		{B16AD26D-16E1-49A8-8A7D-60236CE8E221}.Release|x64.Build.0 = Release|Any CPU
		{B16AD26D-16E1-49A8-8A7D-60236CE8E221}.Release|x86.ActiveCfg = Release|Any CPU
		{B16AD26D-16E1-49A8-8A7D-60236CE8E221}.Release|x86.Build.0 = Release|Any CPU
		{677E9CB6-512C-4AC8-9EB9-660ABFB67DF6}.Debug|Any CPU.ActiveCfg = Debug|Any CPU
		{677E9CB6-512C-4AC8-9EB9-660ABFB67DF6}.Debug|Any CPU.Build.0 = Debug|Any CPU
		{677E9CB6-512C-4AC8-9EB9-660ABFB67DF6}.Debug|x64.ActiveCfg = Debug|Any CPU
		{677E9CB6-512C-4AC8-9EB9-660ABFB67DF6}.Debug|x64.Build.0 = Debug|Any CPU
		{677E9CB6-512C-4AC8-9EB9-660ABFB67DF6}.Debug|x86.ActiveCfg = Debug|Any CPU
		{677E9CB6-512C-4AC8-9EB9-660ABFB67DF6}.Debug|x86.Build.0 = Debug|Any CPU
		{677E9CB6-512C-4AC8-9EB9-660ABFB67DF6}.Release|Any CPU.ActiveCfg = Release|Any CPU
		{677E9CB6-512C-4AC8-9EB9-660ABFB67DF6}.Release|Any CPU.Build.0 = Release|Any CPU
		{677E9CB6-512C-4AC8-9EB9-660ABFB67DF6}.Release|x64.ActiveCfg = Release|Any CPU
		{677E9CB6-512C-4AC8-9EB9-660ABFB67DF6}.Release|x64.Build.0 = Release|Any CPU
		{677E9CB6-512C-4AC8-9EB9-660ABFB67DF6}.Release|x86.ActiveCfg = Release|Any CPU
		{677E9CB6-512C-4AC8-9EB9-660ABFB67DF6}.Release|x86.Build.0 = Release|Any CPU
		{90DD6D54-D088-4555-A8EB-6A521C31AAED}.Debug|Any CPU.ActiveCfg = Debug|Any CPU
		{90DD6D54-D088-4555-A8EB-6A521C31AAED}.Debug|Any CPU.Build.0 = Debug|Any CPU
		{90DD6D54-D088-4555-A8EB-6A521C31AAED}.Debug|x64.ActiveCfg = Debug|Any CPU
		{90DD6D54-D088-4555-A8EB-6A521C31AAED}.Debug|x64.Build.0 = Debug|Any CPU
		{90DD6D54-D088-4555-A8EB-6A521C31AAED}.Debug|x86.ActiveCfg = Debug|Any CPU
		{90DD6D54-D088-4555-A8EB-6A521C31AAED}.Debug|x86.Build.0 = Debug|Any CPU
		{90DD6D54-D088-4555-A8EB-6A521C31AAED}.Release|Any CPU.ActiveCfg = Release|Any CPU
		{90DD6D54-D088-4555-A8EB-6A521C31AAED}.Release|Any CPU.Build.0 = Release|Any CPU
		{90DD6D54-D088-4555-A8EB-6A521C31AAED}.Release|x64.ActiveCfg = Release|Any CPU
		{90DD6D54-D088-4555-A8EB-6A521C31AAED}.Release|x64.Build.0 = Release|Any CPU
		{90DD6D54-D088-4555-A8EB-6A521C31AAED}.Release|x86.ActiveCfg = Release|Any CPU
		{90DD6D54-D088-4555-A8EB-6A521C31AAED}.Release|x86.Build.0 = Release|Any CPU
		{F697C0C0-9994-43AA-81AB-15F65C78E9A5}.Debug|Any CPU.ActiveCfg = Debug|Any CPU
		{F697C0C0-9994-43AA-81AB-15F65C78E9A5}.Debug|Any CPU.Build.0 = Debug|Any CPU
		{F697C0C0-9994-43AA-81AB-15F65C78E9A5}.Debug|x64.ActiveCfg = Debug|Any CPU
		{F697C0C0-9994-43AA-81AB-15F65C78E9A5}.Debug|x64.Build.0 = Debug|Any CPU
		{F697C0C0-9994-43AA-81AB-15F65C78E9A5}.Debug|x86.ActiveCfg = Debug|Any CPU
		{F697C0C0-9994-43AA-81AB-15F65C78E9A5}.Debug|x86.Build.0 = Debug|Any CPU
		{F697C0C0-9994-43AA-81AB-15F65C78E9A5}.Release|Any CPU.ActiveCfg = Release|Any CPU
		{F697C0C0-9994-43AA-81AB-15F65C78E9A5}.Release|Any CPU.Build.0 = Release|Any CPU
		{F697C0C0-9994-43AA-81AB-15F65C78E9A5}.Release|x64.ActiveCfg = Release|Any CPU
		{F697C0C0-9994-43AA-81AB-15F65C78E9A5}.Release|x64.Build.0 = Release|Any CPU
		{F697C0C0-9994-43AA-81AB-15F65C78E9A5}.Release|x86.ActiveCfg = Release|Any CPU
		{F697C0C0-9994-43AA-81AB-15F65C78E9A5}.Release|x86.Build.0 = Release|Any CPU
		{C97507FF-B2A8-4EFD-96F4-72D5C7A13182}.Debug|Any CPU.ActiveCfg = Debug|Any CPU
		{C97507FF-B2A8-4EFD-96F4-72D5C7A13182}.Debug|Any CPU.Build.0 = Debug|Any CPU
		{C97507FF-B2A8-4EFD-96F4-72D5C7A13182}.Debug|x64.ActiveCfg = Debug|Any CPU
		{C97507FF-B2A8-4EFD-96F4-72D5C7A13182}.Debug|x64.Build.0 = Debug|Any CPU
		{C97507FF-B2A8-4EFD-96F4-72D5C7A13182}.Debug|x86.ActiveCfg = Debug|Any CPU
		{C97507FF-B2A8-4EFD-96F4-72D5C7A13182}.Debug|x86.Build.0 = Debug|Any CPU
		{C97507FF-B2A8-4EFD-96F4-72D5C7A13182}.Release|Any CPU.ActiveCfg = Release|Any CPU
		{C97507FF-B2A8-4EFD-96F4-72D5C7A13182}.Release|Any CPU.Build.0 = Release|Any CPU
		{C97507FF-B2A8-4EFD-96F4-72D5C7A13182}.Release|x64.ActiveCfg = Release|Any CPU
		{C97507FF-B2A8-4EFD-96F4-72D5C7A13182}.Release|x64.Build.0 = Release|Any CPU
		{C97507FF-B2A8-4EFD-96F4-72D5C7A13182}.Release|x86.ActiveCfg = Release|Any CPU
		{C97507FF-B2A8-4EFD-96F4-72D5C7A13182}.Release|x86.Build.0 = Release|Any CPU
		{62DF6E30-08DB-40CF-8467-7025F01D46B8}.Debug|Any CPU.ActiveCfg = Debug|Any CPU
		{62DF6E30-08DB-40CF-8467-7025F01D46B8}.Debug|Any CPU.Build.0 = Debug|Any CPU
		{62DF6E30-08DB-40CF-8467-7025F01D46B8}.Debug|x64.ActiveCfg = Debug|Any CPU
		{62DF6E30-08DB-40CF-8467-7025F01D46B8}.Debug|x64.Build.0 = Debug|Any CPU
		{62DF6E30-08DB-40CF-8467-7025F01D46B8}.Debug|x86.ActiveCfg = Debug|Any CPU
		{62DF6E30-08DB-40CF-8467-7025F01D46B8}.Debug|x86.Build.0 = Debug|Any CPU
		{62DF6E30-08DB-40CF-8467-7025F01D46B8}.Release|Any CPU.ActiveCfg = Release|Any CPU
		{62DF6E30-08DB-40CF-8467-7025F01D46B8}.Release|Any CPU.Build.0 = Release|Any CPU
		{62DF6E30-08DB-40CF-8467-7025F01D46B8}.Release|x64.ActiveCfg = Release|Any CPU
		{62DF6E30-08DB-40CF-8467-7025F01D46B8}.Release|x64.Build.0 = Release|Any CPU
		{62DF6E30-08DB-40CF-8467-7025F01D46B8}.Release|x86.ActiveCfg = Release|Any CPU
		{62DF6E30-08DB-40CF-8467-7025F01D46B8}.Release|x86.Build.0 = Release|Any CPU
		{58BFE174-6DAF-48A0-ADCB-D4C4709AA7FE}.Debug|Any CPU.ActiveCfg = Debug|Any CPU
		{58BFE174-6DAF-48A0-ADCB-D4C4709AA7FE}.Debug|Any CPU.Build.0 = Debug|Any CPU
		{58BFE174-6DAF-48A0-ADCB-D4C4709AA7FE}.Debug|x64.ActiveCfg = Debug|Any CPU
		{58BFE174-6DAF-48A0-ADCB-D4C4709AA7FE}.Debug|x64.Build.0 = Debug|Any CPU
		{58BFE174-6DAF-48A0-ADCB-D4C4709AA7FE}.Debug|x86.ActiveCfg = Debug|Any CPU
		{58BFE174-6DAF-48A0-ADCB-D4C4709AA7FE}.Debug|x86.Build.0 = Debug|Any CPU
		{58BFE174-6DAF-48A0-ADCB-D4C4709AA7FE}.Release|Any CPU.ActiveCfg = Release|Any CPU
		{58BFE174-6DAF-48A0-ADCB-D4C4709AA7FE}.Release|Any CPU.Build.0 = Release|Any CPU
		{58BFE174-6DAF-48A0-ADCB-D4C4709AA7FE}.Release|x64.ActiveCfg = Release|Any CPU
		{58BFE174-6DAF-48A0-ADCB-D4C4709AA7FE}.Release|x64.Build.0 = Release|Any CPU
		{58BFE174-6DAF-48A0-ADCB-D4C4709AA7FE}.Release|x86.ActiveCfg = Release|Any CPU
		{58BFE174-6DAF-48A0-ADCB-D4C4709AA7FE}.Release|x86.Build.0 = Release|Any CPU
		{176A3195-EA7A-44ED-8CB1-BEC161212A04}.Debug|Any CPU.ActiveCfg = Debug|Any CPU
		{176A3195-EA7A-44ED-8CB1-BEC161212A04}.Debug|Any CPU.Build.0 = Debug|Any CPU
		{176A3195-EA7A-44ED-8CB1-BEC161212A04}.Debug|x64.ActiveCfg = Debug|Any CPU
		{176A3195-EA7A-44ED-8CB1-BEC161212A04}.Debug|x64.Build.0 = Debug|Any CPU
		{176A3195-EA7A-44ED-8CB1-BEC161212A04}.Debug|x86.ActiveCfg = Debug|Any CPU
		{176A3195-EA7A-44ED-8CB1-BEC161212A04}.Debug|x86.Build.0 = Debug|Any CPU
		{176A3195-EA7A-44ED-8CB1-BEC161212A04}.Release|Any CPU.ActiveCfg = Release|Any CPU
		{176A3195-EA7A-44ED-8CB1-BEC161212A04}.Release|Any CPU.Build.0 = Release|Any CPU
		{176A3195-EA7A-44ED-8CB1-BEC161212A04}.Release|x64.ActiveCfg = Release|Any CPU
		{176A3195-EA7A-44ED-8CB1-BEC161212A04}.Release|x64.Build.0 = Release|Any CPU
		{176A3195-EA7A-44ED-8CB1-BEC161212A04}.Release|x86.ActiveCfg = Release|Any CPU
		{176A3195-EA7A-44ED-8CB1-BEC161212A04}.Release|x86.Build.0 = Release|Any CPU
		{53EB1182-0B82-4F54-B57D-B5AB483F787B}.Debug|Any CPU.ActiveCfg = Debug|Any CPU
		{53EB1182-0B82-4F54-B57D-B5AB483F787B}.Debug|Any CPU.Build.0 = Debug|Any CPU
		{53EB1182-0B82-4F54-B57D-B5AB483F787B}.Debug|x64.ActiveCfg = Debug|Any CPU
		{53EB1182-0B82-4F54-B57D-B5AB483F787B}.Debug|x64.Build.0 = Debug|Any CPU
		{53EB1182-0B82-4F54-B57D-B5AB483F787B}.Debug|x86.ActiveCfg = Debug|Any CPU
		{53EB1182-0B82-4F54-B57D-B5AB483F787B}.Debug|x86.Build.0 = Debug|Any CPU
		{53EB1182-0B82-4F54-B57D-B5AB483F787B}.Release|Any CPU.ActiveCfg = Release|Any CPU
		{53EB1182-0B82-4F54-B57D-B5AB483F787B}.Release|Any CPU.Build.0 = Release|Any CPU
		{53EB1182-0B82-4F54-B57D-B5AB483F787B}.Release|x64.ActiveCfg = Release|Any CPU
		{53EB1182-0B82-4F54-B57D-B5AB483F787B}.Release|x64.Build.0 = Release|Any CPU
		{53EB1182-0B82-4F54-B57D-B5AB483F787B}.Release|x86.ActiveCfg = Release|Any CPU
		{53EB1182-0B82-4F54-B57D-B5AB483F787B}.Release|x86.Build.0 = Release|Any CPU
		{1069DC70-BE5D-4163-A2B2-DC2E59AADDFC}.Debug|Any CPU.ActiveCfg = Debug|Any CPU
		{1069DC70-BE5D-4163-A2B2-DC2E59AADDFC}.Debug|Any CPU.Build.0 = Debug|Any CPU
		{1069DC70-BE5D-4163-A2B2-DC2E59AADDFC}.Debug|x64.ActiveCfg = Debug|Any CPU
		{1069DC70-BE5D-4163-A2B2-DC2E59AADDFC}.Debug|x64.Build.0 = Debug|Any CPU
		{1069DC70-BE5D-4163-A2B2-DC2E59AADDFC}.Debug|x86.ActiveCfg = Debug|Any CPU
		{1069DC70-BE5D-4163-A2B2-DC2E59AADDFC}.Debug|x86.Build.0 = Debug|Any CPU
		{1069DC70-BE5D-4163-A2B2-DC2E59AADDFC}.Release|Any CPU.ActiveCfg = Release|Any CPU
		{1069DC70-BE5D-4163-A2B2-DC2E59AADDFC}.Release|Any CPU.Build.0 = Release|Any CPU
		{1069DC70-BE5D-4163-A2B2-DC2E59AADDFC}.Release|x64.ActiveCfg = Release|Any CPU
		{1069DC70-BE5D-4163-A2B2-DC2E59AADDFC}.Release|x64.Build.0 = Release|Any CPU
		{1069DC70-BE5D-4163-A2B2-DC2E59AADDFC}.Release|x86.ActiveCfg = Release|Any CPU
		{1069DC70-BE5D-4163-A2B2-DC2E59AADDFC}.Release|x86.Build.0 = Release|Any CPU
		{97288BD3-A489-4F1A-8734-32838CDDCE30}.Debug|Any CPU.ActiveCfg = Debug|Any CPU
		{97288BD3-A489-4F1A-8734-32838CDDCE30}.Debug|Any CPU.Build.0 = Debug|Any CPU
		{97288BD3-A489-4F1A-8734-32838CDDCE30}.Debug|x64.ActiveCfg = Debug|Any CPU
		{97288BD3-A489-4F1A-8734-32838CDDCE30}.Debug|x64.Build.0 = Debug|Any CPU
		{97288BD3-A489-4F1A-8734-32838CDDCE30}.Debug|x86.ActiveCfg = Debug|Any CPU
		{97288BD3-A489-4F1A-8734-32838CDDCE30}.Debug|x86.Build.0 = Debug|Any CPU
		{97288BD3-A489-4F1A-8734-32838CDDCE30}.Release|Any CPU.ActiveCfg = Release|Any CPU
		{97288BD3-A489-4F1A-8734-32838CDDCE30}.Release|Any CPU.Build.0 = Release|Any CPU
		{97288BD3-A489-4F1A-8734-32838CDDCE30}.Release|x64.ActiveCfg = Release|Any CPU
		{97288BD3-A489-4F1A-8734-32838CDDCE30}.Release|x64.Build.0 = Release|Any CPU
		{97288BD3-A489-4F1A-8734-32838CDDCE30}.Release|x86.ActiveCfg = Release|Any CPU
		{97288BD3-A489-4F1A-8734-32838CDDCE30}.Release|x86.Build.0 = Release|Any CPU
		{FA4ED6EF-783B-4222-84C5-1FCD0CAD254D}.Debug|Any CPU.ActiveCfg = Debug|Any CPU
		{FA4ED6EF-783B-4222-84C5-1FCD0CAD254D}.Debug|Any CPU.Build.0 = Debug|Any CPU
		{FA4ED6EF-783B-4222-84C5-1FCD0CAD254D}.Debug|x64.ActiveCfg = Debug|Any CPU
		{FA4ED6EF-783B-4222-84C5-1FCD0CAD254D}.Debug|x64.Build.0 = Debug|Any CPU
		{FA4ED6EF-783B-4222-84C5-1FCD0CAD254D}.Debug|x86.ActiveCfg = Debug|Any CPU
		{FA4ED6EF-783B-4222-84C5-1FCD0CAD254D}.Debug|x86.Build.0 = Debug|Any CPU
		{FA4ED6EF-783B-4222-84C5-1FCD0CAD254D}.Release|Any CPU.ActiveCfg = Release|Any CPU
		{FA4ED6EF-783B-4222-84C5-1FCD0CAD254D}.Release|Any CPU.Build.0 = Release|Any CPU
		{FA4ED6EF-783B-4222-84C5-1FCD0CAD254D}.Release|x64.ActiveCfg = Release|Any CPU
		{FA4ED6EF-783B-4222-84C5-1FCD0CAD254D}.Release|x64.Build.0 = Release|Any CPU
		{FA4ED6EF-783B-4222-84C5-1FCD0CAD254D}.Release|x86.ActiveCfg = Release|Any CPU
		{FA4ED6EF-783B-4222-84C5-1FCD0CAD254D}.Release|x86.Build.0 = Release|Any CPU
		{DA1A8BC8-60B7-4F72-B76C-5F5EBA63DA78}.Debug|Any CPU.ActiveCfg = Debug|Any CPU
		{DA1A8BC8-60B7-4F72-B76C-5F5EBA63DA78}.Debug|Any CPU.Build.0 = Debug|Any CPU
		{DA1A8BC8-60B7-4F72-B76C-5F5EBA63DA78}.Debug|x64.ActiveCfg = Debug|Any CPU
		{DA1A8BC8-60B7-4F72-B76C-5F5EBA63DA78}.Debug|x64.Build.0 = Debug|Any CPU
		{DA1A8BC8-60B7-4F72-B76C-5F5EBA63DA78}.Debug|x86.ActiveCfg = Debug|Any CPU
		{DA1A8BC8-60B7-4F72-B76C-5F5EBA63DA78}.Debug|x86.Build.0 = Debug|Any CPU
		{DA1A8BC8-60B7-4F72-B76C-5F5EBA63DA78}.Release|Any CPU.ActiveCfg = Release|Any CPU
		{DA1A8BC8-60B7-4F72-B76C-5F5EBA63DA78}.Release|Any CPU.Build.0 = Release|Any CPU
		{DA1A8BC8-60B7-4F72-B76C-5F5EBA63DA78}.Release|x64.ActiveCfg = Release|Any CPU
		{DA1A8BC8-60B7-4F72-B76C-5F5EBA63DA78}.Release|x64.Build.0 = Release|Any CPU
		{DA1A8BC8-60B7-4F72-B76C-5F5EBA63DA78}.Release|x86.ActiveCfg = Release|Any CPU
		{DA1A8BC8-60B7-4F72-B76C-5F5EBA63DA78}.Release|x86.Build.0 = Release|Any CPU
		{42248872-3839-4C27-A5C8-C15EE4929876}.Debug|Any CPU.ActiveCfg = Debug|Any CPU
		{42248872-3839-4C27-A5C8-C15EE4929876}.Debug|Any CPU.Build.0 = Debug|Any CPU
		{42248872-3839-4C27-A5C8-C15EE4929876}.Debug|x64.ActiveCfg = Debug|Any CPU
		{42248872-3839-4C27-A5C8-C15EE4929876}.Debug|x64.Build.0 = Debug|Any CPU
		{42248872-3839-4C27-A5C8-C15EE4929876}.Debug|x86.ActiveCfg = Debug|Any CPU
		{42248872-3839-4C27-A5C8-C15EE4929876}.Debug|x86.Build.0 = Debug|Any CPU
		{42248872-3839-4C27-A5C8-C15EE4929876}.Release|Any CPU.ActiveCfg = Release|Any CPU
		{42248872-3839-4C27-A5C8-C15EE4929876}.Release|Any CPU.Build.0 = Release|Any CPU
		{42248872-3839-4C27-A5C8-C15EE4929876}.Release|x64.ActiveCfg = Release|Any CPU
		{42248872-3839-4C27-A5C8-C15EE4929876}.Release|x64.Build.0 = Release|Any CPU
		{42248872-3839-4C27-A5C8-C15EE4929876}.Release|x86.ActiveCfg = Release|Any CPU
		{42248872-3839-4C27-A5C8-C15EE4929876}.Release|x86.Build.0 = Release|Any CPU
		{B671DBBF-4BE3-45F5-BCA9-E317DAEA1330}.Debug|Any CPU.ActiveCfg = Debug|Any CPU
		{B671DBBF-4BE3-45F5-BCA9-E317DAEA1330}.Debug|Any CPU.Build.0 = Debug|Any CPU
		{B671DBBF-4BE3-45F5-BCA9-E317DAEA1330}.Debug|x64.ActiveCfg = Debug|Any CPU
		{B671DBBF-4BE3-45F5-BCA9-E317DAEA1330}.Debug|x64.Build.0 = Debug|Any CPU
		{B671DBBF-4BE3-45F5-BCA9-E317DAEA1330}.Debug|x86.ActiveCfg = Debug|Any CPU
		{B671DBBF-4BE3-45F5-BCA9-E317DAEA1330}.Debug|x86.Build.0 = Debug|Any CPU
		{B671DBBF-4BE3-45F5-BCA9-E317DAEA1330}.Release|Any CPU.ActiveCfg = Release|Any CPU
		{B671DBBF-4BE3-45F5-BCA9-E317DAEA1330}.Release|Any CPU.Build.0 = Release|Any CPU
		{B671DBBF-4BE3-45F5-BCA9-E317DAEA1330}.Release|x64.ActiveCfg = Release|Any CPU
		{B671DBBF-4BE3-45F5-BCA9-E317DAEA1330}.Release|x64.Build.0 = Release|Any CPU
		{B671DBBF-4BE3-45F5-BCA9-E317DAEA1330}.Release|x86.ActiveCfg = Release|Any CPU
		{B671DBBF-4BE3-45F5-BCA9-E317DAEA1330}.Release|x86.Build.0 = Release|Any CPU
		{AB83133F-1D3C-4A0F-BB89-6E05F170E79A}.Debug|Any CPU.ActiveCfg = Debug|Any CPU
		{AB83133F-1D3C-4A0F-BB89-6E05F170E79A}.Debug|Any CPU.Build.0 = Debug|Any CPU
		{AB83133F-1D3C-4A0F-BB89-6E05F170E79A}.Debug|x64.ActiveCfg = Debug|Any CPU
		{AB83133F-1D3C-4A0F-BB89-6E05F170E79A}.Debug|x64.Build.0 = Debug|Any CPU
		{AB83133F-1D3C-4A0F-BB89-6E05F170E79A}.Debug|x86.ActiveCfg = Debug|Any CPU
		{AB83133F-1D3C-4A0F-BB89-6E05F170E79A}.Debug|x86.Build.0 = Debug|Any CPU
		{AB83133F-1D3C-4A0F-BB89-6E05F170E79A}.Release|Any CPU.ActiveCfg = Release|Any CPU
		{AB83133F-1D3C-4A0F-BB89-6E05F170E79A}.Release|Any CPU.Build.0 = Release|Any CPU
		{AB83133F-1D3C-4A0F-BB89-6E05F170E79A}.Release|x64.ActiveCfg = Release|Any CPU
		{AB83133F-1D3C-4A0F-BB89-6E05F170E79A}.Release|x64.Build.0 = Release|Any CPU
		{AB83133F-1D3C-4A0F-BB89-6E05F170E79A}.Release|x86.ActiveCfg = Release|Any CPU
		{AB83133F-1D3C-4A0F-BB89-6E05F170E79A}.Release|x86.Build.0 = Release|Any CPU
		{818E0612-81EC-42DE-9667-04AB37BD361B}.Debug|Any CPU.ActiveCfg = Debug|Any CPU
		{818E0612-81EC-42DE-9667-04AB37BD361B}.Debug|Any CPU.Build.0 = Debug|Any CPU
		{818E0612-81EC-42DE-9667-04AB37BD361B}.Debug|x64.ActiveCfg = Debug|Any CPU
		{818E0612-81EC-42DE-9667-04AB37BD361B}.Debug|x64.Build.0 = Debug|Any CPU
		{818E0612-81EC-42DE-9667-04AB37BD361B}.Debug|x86.ActiveCfg = Debug|Any CPU
		{818E0612-81EC-42DE-9667-04AB37BD361B}.Debug|x86.Build.0 = Debug|Any CPU
		{818E0612-81EC-42DE-9667-04AB37BD361B}.Release|Any CPU.ActiveCfg = Release|Any CPU
		{818E0612-81EC-42DE-9667-04AB37BD361B}.Release|Any CPU.Build.0 = Release|Any CPU
		{818E0612-81EC-42DE-9667-04AB37BD361B}.Release|x64.ActiveCfg = Release|Any CPU
		{818E0612-81EC-42DE-9667-04AB37BD361B}.Release|x64.Build.0 = Release|Any CPU
		{818E0612-81EC-42DE-9667-04AB37BD361B}.Release|x86.ActiveCfg = Release|Any CPU
		{818E0612-81EC-42DE-9667-04AB37BD361B}.Release|x86.Build.0 = Release|Any CPU
		{32023636-6095-4431-81AD-50574DDE6B40}.Debug|Any CPU.ActiveCfg = Debug|Any CPU
		{32023636-6095-4431-81AD-50574DDE6B40}.Debug|Any CPU.Build.0 = Debug|Any CPU
		{32023636-6095-4431-81AD-50574DDE6B40}.Debug|x64.ActiveCfg = Debug|Any CPU
		{32023636-6095-4431-81AD-50574DDE6B40}.Debug|x64.Build.0 = Debug|Any CPU
		{32023636-6095-4431-81AD-50574DDE6B40}.Debug|x86.ActiveCfg = Debug|Any CPU
		{32023636-6095-4431-81AD-50574DDE6B40}.Debug|x86.Build.0 = Debug|Any CPU
		{32023636-6095-4431-81AD-50574DDE6B40}.Release|Any CPU.ActiveCfg = Release|Any CPU
		{32023636-6095-4431-81AD-50574DDE6B40}.Release|Any CPU.Build.0 = Release|Any CPU
		{32023636-6095-4431-81AD-50574DDE6B40}.Release|x64.ActiveCfg = Release|Any CPU
		{32023636-6095-4431-81AD-50574DDE6B40}.Release|x64.Build.0 = Release|Any CPU
		{32023636-6095-4431-81AD-50574DDE6B40}.Release|x86.ActiveCfg = Release|Any CPU
		{32023636-6095-4431-81AD-50574DDE6B40}.Release|x86.Build.0 = Release|Any CPU
		{58BF0B6D-C1B5-4BB7-B692-1B4C8597984B}.Debug|Any CPU.ActiveCfg = Debug|Any CPU
		{58BF0B6D-C1B5-4BB7-B692-1B4C8597984B}.Debug|Any CPU.Build.0 = Debug|Any CPU
		{58BF0B6D-C1B5-4BB7-B692-1B4C8597984B}.Debug|x64.ActiveCfg = Debug|Any CPU
		{58BF0B6D-C1B5-4BB7-B692-1B4C8597984B}.Debug|x64.Build.0 = Debug|Any CPU
		{58BF0B6D-C1B5-4BB7-B692-1B4C8597984B}.Debug|x86.ActiveCfg = Debug|Any CPU
		{58BF0B6D-C1B5-4BB7-B692-1B4C8597984B}.Debug|x86.Build.0 = Debug|Any CPU
		{58BF0B6D-C1B5-4BB7-B692-1B4C8597984B}.Release|Any CPU.ActiveCfg = Release|Any CPU
		{58BF0B6D-C1B5-4BB7-B692-1B4C8597984B}.Release|Any CPU.Build.0 = Release|Any CPU
		{58BF0B6D-C1B5-4BB7-B692-1B4C8597984B}.Release|x64.ActiveCfg = Release|Any CPU
		{58BF0B6D-C1B5-4BB7-B692-1B4C8597984B}.Release|x64.Build.0 = Release|Any CPU
		{58BF0B6D-C1B5-4BB7-B692-1B4C8597984B}.Release|x86.ActiveCfg = Release|Any CPU
		{58BF0B6D-C1B5-4BB7-B692-1B4C8597984B}.Release|x86.Build.0 = Release|Any CPU
		{812B4FE0-BC0C-4F46-BC82-4A9A47E5866A}.Debug|Any CPU.ActiveCfg = Debug|Any CPU
		{812B4FE0-BC0C-4F46-BC82-4A9A47E5866A}.Debug|Any CPU.Build.0 = Debug|Any CPU
		{812B4FE0-BC0C-4F46-BC82-4A9A47E5866A}.Debug|x64.ActiveCfg = Debug|Any CPU
		{812B4FE0-BC0C-4F46-BC82-4A9A47E5866A}.Debug|x64.Build.0 = Debug|Any CPU
		{812B4FE0-BC0C-4F46-BC82-4A9A47E5866A}.Debug|x86.ActiveCfg = Debug|Any CPU
		{812B4FE0-BC0C-4F46-BC82-4A9A47E5866A}.Debug|x86.Build.0 = Debug|Any CPU
		{812B4FE0-BC0C-4F46-BC82-4A9A47E5866A}.Release|Any CPU.ActiveCfg = Release|Any CPU
		{812B4FE0-BC0C-4F46-BC82-4A9A47E5866A}.Release|Any CPU.Build.0 = Release|Any CPU
		{812B4FE0-BC0C-4F46-BC82-4A9A47E5866A}.Release|x64.ActiveCfg = Release|Any CPU
		{812B4FE0-BC0C-4F46-BC82-4A9A47E5866A}.Release|x64.Build.0 = Release|Any CPU
		{812B4FE0-BC0C-4F46-BC82-4A9A47E5866A}.Release|x86.ActiveCfg = Release|Any CPU
		{812B4FE0-BC0C-4F46-BC82-4A9A47E5866A}.Release|x86.Build.0 = Release|Any CPU
	EndGlobalSection
	GlobalSection(SolutionProperties) = preSolution
		HideSolutionNode = FALSE
	EndGlobalSection
	GlobalSection(NestedProjects) = preSolution
		{A205F450-2789-4C3B-9A64-15B56CF9C4C6} = {940C24B5-6C2C-4F32-914A-9E790672CA8D}
		{ED8941DC-DDBA-45D0-86D7-7F9517DCA260} = {940C24B5-6C2C-4F32-914A-9E790672CA8D}
		{FAB5C1D1-D8FA-49CE-8ED3-1529D707A83A} = {940C24B5-6C2C-4F32-914A-9E790672CA8D}
		{C0499FC4-C709-4B18-8579-8AE02243D2F1} = {940C24B5-6C2C-4F32-914A-9E790672CA8D}
		{ED212041-6F2E-4EB1-9AAE-AE6FA485A4F9} = {940C24B5-6C2C-4F32-914A-9E790672CA8D}
		{E1EC5FA0-79AD-4D0E-8E22-D9491D1EAB3F} = {940C24B5-6C2C-4F32-914A-9E790672CA8D}
		{F4FB6FFC-8638-4775-9EE7-9814BE5B7A1E} = {940C24B5-6C2C-4F32-914A-9E790672CA8D}
		{2A6212F4-989A-40B2-AD9C-E519E4980998} = {940C24B5-6C2C-4F32-914A-9E790672CA8D}
		{E7C01CA8-F608-463C-8217-32F8B4C00DBC} = {940C24B5-6C2C-4F32-914A-9E790672CA8D}
		{87D1F68E-A82F-4652-B859-1D5DDF43ED6D} = {940C24B5-6C2C-4F32-914A-9E790672CA8D}
		{B16AD26D-16E1-49A8-8A7D-60236CE8E221} = {940C24B5-6C2C-4F32-914A-9E790672CA8D}
		{677E9CB6-512C-4AC8-9EB9-660ABFB67DF6} = {940C24B5-6C2C-4F32-914A-9E790672CA8D}
		{90DD6D54-D088-4555-A8EB-6A521C31AAED} = {940C24B5-6C2C-4F32-914A-9E790672CA8D}
		{F697C0C0-9994-43AA-81AB-15F65C78E9A5} = {940C24B5-6C2C-4F32-914A-9E790672CA8D}
		{C97507FF-B2A8-4EFD-96F4-72D5C7A13182} = {940C24B5-6C2C-4F32-914A-9E790672CA8D}
		{62DF6E30-08DB-40CF-8467-7025F01D46B8} = {940C24B5-6C2C-4F32-914A-9E790672CA8D}
		{58BFE174-6DAF-48A0-ADCB-D4C4709AA7FE} = {940C24B5-6C2C-4F32-914A-9E790672CA8D}
		{176A3195-EA7A-44ED-8CB1-BEC161212A04} = {940C24B5-6C2C-4F32-914A-9E790672CA8D}
		{53EB1182-0B82-4F54-B57D-B5AB483F787B} = {940C24B5-6C2C-4F32-914A-9E790672CA8D}
		{1069DC70-BE5D-4163-A2B2-DC2E59AADDFC} = {940C24B5-6C2C-4F32-914A-9E790672CA8D}
		{97288BD3-A489-4F1A-8734-32838CDDCE30} = {940C24B5-6C2C-4F32-914A-9E790672CA8D}
		{FA4ED6EF-783B-4222-84C5-1FCD0CAD254D} = {940C24B5-6C2C-4F32-914A-9E790672CA8D}
		{DA1A8BC8-60B7-4F72-B76C-5F5EBA63DA78} = {940C24B5-6C2C-4F32-914A-9E790672CA8D}
		{42248872-3839-4C27-A5C8-C15EE4929876} = {940C24B5-6C2C-4F32-914A-9E790672CA8D}
		{B671DBBF-4BE3-45F5-BCA9-E317DAEA1330} = {940C24B5-6C2C-4F32-914A-9E790672CA8D}
		{AB83133F-1D3C-4A0F-BB89-6E05F170E79A} = {940C24B5-6C2C-4F32-914A-9E790672CA8D}
		{818E0612-81EC-42DE-9667-04AB37BD361B} = {940C24B5-6C2C-4F32-914A-9E790672CA8D}
		{32023636-6095-4431-81AD-50574DDE6B40} = {940C24B5-6C2C-4F32-914A-9E790672CA8D}
		{58BF0B6D-C1B5-4BB7-B692-1B4C8597984B} = {940C24B5-6C2C-4F32-914A-9E790672CA8D}
		{812B4FE0-BC0C-4F46-BC82-4A9A47E5866A} = {940C24B5-6C2C-4F32-914A-9E790672CA8D}
	EndGlobalSection
	GlobalSection(ExtensibilityGlobals) = postSolution
		SolutionGuid = {53B4AB07-2213-41EC-94D9-C8787882C7FF}
	EndGlobalSection
EndGlobal
